
Microsoft Visual Studio Solution File, Format Version 12.00
# Visual Studio 15
VisualStudioVersion = 15.0.27703.2035
MinimumVisualStudioVersion = 10.0.40219.1
Project("{9A19103F-16F7-4668-BE54-9A1E7A4F7556}") = "Receipts.Backend", "Receipts.Backend\Receipts.Backend.csproj", "{30B1E041-944D-4219-AD84-E8ECA18A8CA4}"
EndProject
Project("{2150E333-8FDC-42A3-9474-1A3956D46DE8}") = "Tests", "Tests", "{46E6B278-AFE4-4BBC-A731-B3A3876AD284}"
EndProject
Project("{9A19103F-16F7-4668-BE54-9A1E7A4F7556}") = "FNSIntegrationTesting", "..\tests\FNSIntegrationTesting\FNSIntegrationTesting.csproj", "{738EB31A-8B0C-4D89-A3F8-4F7191EBAB19}"
EndProject
Project("{9A19103F-16F7-4668-BE54-9A1E7A4F7556}") = "ReceiptsCore", "ReceiptsCore\ReceiptsCore.csproj", "{C72DE8A8-8AF9-430E-A251-2EE27E24D18C}"
EndProject
Project("{2150E333-8FDC-42A3-9474-1A3956D46DE8}") = "Client", "Client", "{AAAF23FE-8284-4B3F-932C-5C3BD56DE145}"
EndProject
Project("{2150E333-8FDC-42A3-9474-1A3956D46DE8}") = "Android", "Android", "{45071E2F-2731-4C1C-9422-746C48A1AAF0}"
EndProject
Project("{FAE04EC0-301F-11D3-BF4B-00C04F79EFBC}") = "ReceiptsScanner", "..\..\client\android\ReceiptsScanner\ReceiptsScanner.csproj", "{3BC0AC7E-3B3B-4D3F-9CC0-B2BDECC460A6}"
EndProject
Project("{2150E333-8FDC-42A3-9474-1A3956D46DE8}") = "Server", "Server", "{7E9C3A90-B4A1-49CC-B585-7487F84E3878}"
EndProject
Project("{2150E333-8FDC-42A3-9474-1A3956D46DE8}") = "Logic", "Logic", "{BB24BA9E-6336-4E69-8F4C-F909A60B42F8}"
EndProject
Project("{FAE04EC0-301F-11D3-BF4B-00C04F79EFBC}") = "Receipts.Logic", "Receipts.Logic\Receipts.Logic.csproj", "{DF078BDA-4BB5-4666-8984-0B487F688BDC}"
EndProject
Project("{FAE04EC0-301F-11D3-BF4B-00C04F79EFBC}") = "Receipts.Logic.Contract", "Receipts.Logic.Contract\Receipts.Logic.Contract.csproj", "{A2E8EE5F-6F55-4137-B5D0-C72BAF9DFD36}"
EndProject
Project("{FAE04EC0-301F-11D3-BF4B-00C04F79EFBC}") = "Receipts.Core.Contract", "Receipts.Core.Contract\Receipts.Core.Contract.csproj", "{4A7833B8-C3CE-4E0F-8D4D-7F77A9E52096}"
EndProject
Project("{FAE04EC0-301F-11D3-BF4B-00C04F79EFBC}") = "Receipts.Framework", "Receipts.Framework\Receipts.Framework.csproj", "{2044D308-BC6D-41ED-93D9-6479BB4E2F9F}"
EndProject
Project("{FAE04EC0-301F-11D3-BF4B-00C04F79EFBC}") = "DependencyRegistrator", "DependencyRegistrator\DependencyRegistrator.csproj", "{8438523A-7ABA-4AC6-B544-E02FC457EB2B}"
EndProject
Global
	GlobalSection(SolutionConfigurationPlatforms) = preSolution
		Debug|Any CPU = Debug|Any CPU
		Release|Any CPU = Release|Any CPU
	EndGlobalSection
	GlobalSection(ProjectConfigurationPlatforms) = postSolution
		{30B1E041-944D-4219-AD84-E8ECA18A8CA4}.Debug|Any CPU.ActiveCfg = Debug|Any CPU
		{30B1E041-944D-4219-AD84-E8ECA18A8CA4}.Debug|Any CPU.Build.0 = Debug|Any CPU
		{30B1E041-944D-4219-AD84-E8ECA18A8CA4}.Release|Any CPU.ActiveCfg = Release|Any CPU
		{30B1E041-944D-4219-AD84-E8ECA18A8CA4}.Release|Any CPU.Build.0 = Release|Any CPU
		{738EB31A-8B0C-4D89-A3F8-4F7191EBAB19}.Debug|Any CPU.ActiveCfg = Debug|Any CPU
		{738EB31A-8B0C-4D89-A3F8-4F7191EBAB19}.Debug|Any CPU.Build.0 = Debug|Any CPU
		{738EB31A-8B0C-4D89-A3F8-4F7191EBAB19}.Release|Any CPU.ActiveCfg = Release|Any CPU
		{738EB31A-8B0C-4D89-A3F8-4F7191EBAB19}.Release|Any CPU.Build.0 = Release|Any CPU
		{C72DE8A8-8AF9-430E-A251-2EE27E24D18C}.Debug|Any CPU.ActiveCfg = Debug|Any CPU
		{C72DE8A8-8AF9-430E-A251-2EE27E24D18C}.Debug|Any CPU.Build.0 = Debug|Any CPU
		{C72DE8A8-8AF9-430E-A251-2EE27E24D18C}.Release|Any CPU.ActiveCfg = Release|Any CPU
		{C72DE8A8-8AF9-430E-A251-2EE27E24D18C}.Release|Any CPU.Build.0 = Release|Any CPU
		{3BC0AC7E-3B3B-4D3F-9CC0-B2BDECC460A6}.Debug|Any CPU.ActiveCfg = Debug|Any CPU
		{3BC0AC7E-3B3B-4D3F-9CC0-B2BDECC460A6}.Debug|Any CPU.Build.0 = Debug|Any CPU
		{3BC0AC7E-3B3B-4D3F-9CC0-B2BDECC460A6}.Debug|Any CPU.Deploy.0 = Debug|Any CPU
		{3BC0AC7E-3B3B-4D3F-9CC0-B2BDECC460A6}.Release|Any CPU.ActiveCfg = Release|Any CPU
		{3BC0AC7E-3B3B-4D3F-9CC0-B2BDECC460A6}.Release|Any CPU.Build.0 = Release|Any CPU
		{3BC0AC7E-3B3B-4D3F-9CC0-B2BDECC460A6}.Release|Any CPU.Deploy.0 = Release|Any CPU
		{DF078BDA-4BB5-4666-8984-0B487F688BDC}.Debug|Any CPU.ActiveCfg = Debug|Any CPU
		{DF078BDA-4BB5-4666-8984-0B487F688BDC}.Debug|Any CPU.Build.0 = Debug|Any CPU
		{DF078BDA-4BB5-4666-8984-0B487F688BDC}.Release|Any CPU.ActiveCfg = Release|Any CPU
		{DF078BDA-4BB5-4666-8984-0B487F688BDC}.Release|Any CPU.Build.0 = Release|Any CPU
		{A2E8EE5F-6F55-4137-B5D0-C72BAF9DFD36}.Debug|Any CPU.ActiveCfg = Debug|Any CPU
		{A2E8EE5F-6F55-4137-B5D0-C72BAF9DFD36}.Debug|Any CPU.Build.0 = Debug|Any CPU
		{A2E8EE5F-6F55-4137-B5D0-C72BAF9DFD36}.Release|Any CPU.ActiveCfg = Release|Any CPU
		{A2E8EE5F-6F55-4137-B5D0-C72BAF9DFD36}.Release|Any CPU.Build.0 = Release|Any CPU
		{4A7833B8-C3CE-4E0F-8D4D-7F77A9E52096}.Debug|Any CPU.ActiveCfg = Debug|Any CPU
		{4A7833B8-C3CE-4E0F-8D4D-7F77A9E52096}.Debug|Any CPU.Build.0 = Debug|Any CPU
		{4A7833B8-C3CE-4E0F-8D4D-7F77A9E52096}.Release|Any CPU.ActiveCfg = Release|Any CPU
		{4A7833B8-C3CE-4E0F-8D4D-7F77A9E52096}.Release|Any CPU.Build.0 = Release|Any CPU
		{2044D308-BC6D-41ED-93D9-6479BB4E2F9F}.Debug|Any CPU.ActiveCfg = Debug|Any CPU
		{2044D308-BC6D-41ED-93D9-6479BB4E2F9F}.Debug|Any CPU.Build.0 = Debug|Any CPU
		{2044D308-BC6D-41ED-93D9-6479BB4E2F9F}.Release|Any CPU.ActiveCfg = Release|Any CPU
		{2044D308-BC6D-41ED-93D9-6479BB4E2F9F}.Release|Any CPU.Build.0 = Release|Any CPU
		{8438523A-7ABA-4AC6-B544-E02FC457EB2B}.Debug|Any CPU.ActiveCfg = Debug|Any CPU
		{8438523A-7ABA-4AC6-B544-E02FC457EB2B}.Debug|Any CPU.Build.0 = Debug|Any CPU
		{8438523A-7ABA-4AC6-B544-E02FC457EB2B}.Release|Any CPU.ActiveCfg = Release|Any CPU
		{8438523A-7ABA-4AC6-B544-E02FC457EB2B}.Release|Any CPU.Build.0 = Release|Any CPU
	EndGlobalSection
	GlobalSection(SolutionProperties) = preSolution
		HideSolutionNode = FALSE
	EndGlobalSection
	GlobalSection(NestedProjects) = preSolution
		{738EB31A-8B0C-4D89-A3F8-4F7191EBAB19} = {46E6B278-AFE4-4BBC-A731-B3A3876AD284}
		{45071E2F-2731-4C1C-9422-746C48A1AAF0} = {AAAF23FE-8284-4B3F-932C-5C3BD56DE145}
		{3BC0AC7E-3B3B-4D3F-9CC0-B2BDECC460A6} = {45071E2F-2731-4C1C-9422-746C48A1AAF0}
		{30B1E041-944D-4219-AD84-E8ECA18A8CA4} = {7E9C3A90-B4A1-49CC-B585-7487F84E3878}
		{C72DE8A8-8AF9-430E-A251-2EE27E24D18C} = {BB24BA9E-6336-4E69-8F4C-F909A60B42F8}
		{DF078BDA-4BB5-4666-8984-0B487F688BDC} = {BB24BA9E-6336-4E69-8F4C-F909A60B42F8}
		{A2E8EE5F-6F55-4137-B5D0-C72BAF9DFD36} = {BB24BA9E-6336-4E69-8F4C-F909A60B42F8}
		{4A7833B8-C3CE-4E0F-8D4D-7F77A9E52096} = {BB24BA9E-6336-4E69-8F4C-F909A60B42F8}
		{2044D308-BC6D-41ED-93D9-6479BB4E2F9F} = {BB24BA9E-6336-4E69-8F4C-F909A60B42F8}
		{8438523A-7ABA-4AC6-B544-E02FC457EB2B} = {7E9C3A90-B4A1-49CC-B585-7487F84E3878}
	EndGlobalSection
	GlobalSection(ExtensibilityGlobals) = postSolution
		SolutionGuid = {3AD8DA39-459B-4ABE-BDC3-EB66D7386878}
	EndGlobalSection
EndGlobal
